{
  "object": {
    "pins": [
      {
        "package": "SSUtils",
        "repositoryURL": "https://github.com/SebastianStasz/SSUtils",
        "state": {
          "branch": null,
          "revision": "2bb70571b133cb7cb9ee06bae176e4995114fac7",
          "version": "1.0.12"
        }
      }
    ]
  },
  "version": 1
}
