{
  "pins" : [
    {
      "identity" : "ssutils",
      "kind" : "remoteSourceControl",
      "location" : "https://github.com/SebastianStasz/SSUtils",
      "state" : {
        "revision" : "6f085c8f0f59a3e25d5310886c1e6e6ef4287411",
        "version" : "1.0.2"
      }
    }
  ],
  "version" : 2
}
