{
  "object": {
    "pins": [
      {
        "package": "SSUtils",
        "repositoryURL": "https://github.com/SebastianStasz/SSUtils",
        "state": {
          "branch": null,
          "revision": "49b17973675f2b2990034f3ae26ce4406ad412c0",
          "version": "1.0.7"
        }
      }
    ]
  },
  "version": 1
}
